// !$*UTF8*$!
{
	archiveVersion = 1;
	classes = {
	};
	objectVersion = 56;
	objects = {

/* Begin PBXBuildFile section */
		54AAC3DE2A89331B00D8215C /* AppDelegate.swift in Sources */ = {isa = PBXBuildFile; fileRef = 54AAC3DD2A89331B00D8215C /* AppDelegate.swift */; };
		54AAC3E02A89331B00D8215C /* SceneDelegate.swift in Sources */ = {isa = PBXBuildFile; fileRef = 54AAC3DF2A89331B00D8215C /* SceneDelegate.swift */; };
		54AAC3E22A89331B00D8215C /* ViewController.swift in Sources */ = {isa = PBXBuildFile; fileRef = 54AAC3E12A89331B00D8215C /* ViewController.swift */; };
		54AAC3E52A89331B00D8215C /* Main.storyboard in Resources */ = {isa = PBXBuildFile; fileRef = 54AAC3E32A89331B00D8215C /* Main.storyboard */; };
		54AAC3E72A89331D00D8215C /* Assets.xcassets in Resources */ = {isa = PBXBuildFile; fileRef = 54AAC3E62A89331D00D8215C /* Assets.xcassets */; };
		54AAC3EA2A89331D00D8215C /* LaunchScreen.storyboard in Resources */ = {isa = PBXBuildFile; fileRef = 54AAC3E82A89331D00D8215C /* LaunchScreen.storyboard */; };
		54AAC3F52A89331E00D8215C /* NeuroStartUpTests.swift in Sources */ = {isa = PBXBuildFile; fileRef = 54AAC3F42A89331E00D8215C /* NeuroStartUpTests.swift */; };
		54AAC3FF2A89331E00D8215C /* NeuroStartUpUITests.swift in Sources */ = {isa = PBXBuildFile; fileRef = 54AAC3FE2A89331E00D8215C /* NeuroStartUpUITests.swift */; };
		54AAC4012A89331E00D8215C /* NeuroStartUpUITestsLaunchTests.swift in Sources */ = {isa = PBXBuildFile; fileRef = 54AAC4002A89331E00D8215C /* NeuroStartUpUITestsLaunchTests.swift */; };
/* End PBXBuildFile section */

/* Begin PBXContainerItemProxy section */
		54AAC3F12A89331E00D8215C /* PBXContainerItemProxy */ = {
			isa = PBXContainerItemProxy;
			containerPortal = 54AAC3D22A89331B00D8215C /* Project object */;
			proxyType = 1;
			remoteGlobalIDString = 54AAC3D92A89331B00D8215C;
			remoteInfo = NeuroStartUp;
		};
		54AAC3FB2A89331E00D8215C /* PBXContainerItemProxy */ = {
			isa = PBXContainerItemProxy;
			containerPortal = 54AAC3D22A89331B00D8215C /* Project object */;
			proxyType = 1;
			remoteGlobalIDString = 54AAC3D92A89331B00D8215C;
			remoteInfo = NeuroStartUp;
		};
/* End PBXContainerItemProxy section */

/* Begin PBXFileReference section */
		54AAC3DA2A89331B00D8215C /* NeuroStartUp.app */ = {isa = PBXFileReference; explicitFileType = wrapper.application; includeInIndex = 0; path = NeuroStartUp.app; sourceTree = BUILT_PRODUCTS_DIR; };
		54AAC3DD2A89331B00D8215C /* AppDelegate.swift */ = {isa = PBXFileReference; lastKnownFileType = sourcecode.swift; path = AppDelegate.swift; sourceTree = "<group>"; };
		54AAC3DF2A89331B00D8215C /* SceneDelegate.swift */ = {isa = PBXFileReference; lastKnownFileType = sourcecode.swift; path = SceneDelegate.swift; sourceTree = "<group>"; };
		54AAC3E12A89331B00D8215C /* ViewController.swift */ = {isa = PBXFileReference; lastKnownFileType = sourcecode.swift; path = ViewController.swift; sourceTree = "<group>"; };
		54AAC3E42A89331B00D8215C /* Base */ = {isa = PBXFileReference; lastKnownFileType = file.storyboard; name = Base; path = Base.lproj/Main.storyboard; sourceTree = "<group>"; };
		54AAC3E62A89331D00D8215C /* Assets.xcassets */ = {isa = PBXFileReference; lastKnownFileType = folder.assetcatalog; path = Assets.xcassets; sourceTree = "<group>"; };
		54AAC3E92A89331D00D8215C /* Base */ = {isa = PBXFileReference; lastKnownFileType = file.storyboard; name = Base; path = Base.lproj/LaunchScreen.storyboard; sourceTree = "<group>"; };
		54AAC3EB2A89331D00D8215C /* Info.plist */ = {isa = PBXFileReference; lastKnownFileType = text.plist.xml; path = Info.plist; sourceTree = "<group>"; };
		54AAC3F02A89331E00D8215C /* NeuroStartUpTests.xctest */ = {isa = PBXFileReference; explicitFileType = wrapper.cfbundle; includeInIndex = 0; path = NeuroStartUpTests.xctest; sourceTree = BUILT_PRODUCTS_DIR; };
		54AAC3F42A89331E00D8215C /* NeuroStartUpTests.swift */ = {isa = PBXFileReference; lastKnownFileType = sourcecode.swift; path = NeuroStartUpTests.swift; sourceTree = "<group>"; };
		54AAC3FA2A89331E00D8215C /* NeuroStartUpUITests.xctest */ = {isa = PBXFileReference; explicitFileType = wrapper.cfbundle; includeInIndex = 0; path = NeuroStartUpUITests.xctest; sourceTree = BUILT_PRODUCTS_DIR; };
		54AAC3FE2A89331E00D8215C /* NeuroStartUpUITests.swift */ = {isa = PBXFileReference; lastKnownFileType = sourcecode.swift; path = NeuroStartUpUITests.swift; sourceTree = "<group>"; };
		54AAC4002A89331E00D8215C /* NeuroStartUpUITestsLaunchTests.swift */ = {isa = PBXFileReference; lastKnownFileType = sourcecode.swift; path = NeuroStartUpUITestsLaunchTests.swift; sourceTree = "<group>"; };
/* End PBXFileReference section */

/* Begin PBXFrameworksBuildPhase section */
		54AAC3D72A89331B00D8215C /* Frameworks */ = {
			isa = PBXFrameworksBuildPhase;
			buildActionMask = 2147483647;
			files = (
			);
			runOnlyForDeploymentPostprocessing = 0;
		};
		54AAC3ED2A89331E00D8215C /* Frameworks */ = {
			isa = PBXFrameworksBuildPhase;
			buildActionMask = 2147483647;
			files = (
			);
			runOnlyForDeploymentPostprocessing = 0;
		};
		54AAC3F72A89331E00D8215C /* Frameworks */ = {
			isa = PBXFrameworksBuildPhase;
			buildActionMask = 2147483647;
			files = (
			);
			runOnlyForDeploymentPostprocessing = 0;
		};
/* End PBXFrameworksBuildPhase section */

/* Begin PBXGroup section */
		54AAC3D12A89331B00D8215C = {
			isa = PBXGroup;
			children = (
				54AAC3DC2A89331B00D8215C /* NeuroStartUp */,
				54AAC3F32A89331E00D8215C /* NeuroStartUpTests */,
				54AAC3FD2A89331E00D8215C /* NeuroStartUpUITests */,
				54AAC3DB2A89331B00D8215C /* Products */,
			);
			sourceTree = "<group>";
		};
		54AAC3DB2A89331B00D8215C /* Products */ = {
			isa = PBXGroup;
			children = (
				54AAC3DA2A89331B00D8215C /* NeuroStartUp.app */,
				54AAC3F02A89331E00D8215C /* NeuroStartUpTests.xctest */,
				54AAC3FA2A89331E00D8215C /* NeuroStartUpUITests.xctest */,
			);
			name = Products;
			sourceTree = "<group>";
		};
		54AAC3DC2A89331B00D8215C /* NeuroStartUp */ = {
			isa = PBXGroup;
			children = (
				54AAC3DD2A89331B00D8215C /* AppDelegate.swift */,
				54AAC3DF2A89331B00D8215C /* SceneDelegate.swift */,
				54AAC3E12A89331B00D8215C /* ViewController.swift */,
				54AAC3E32A89331B00D8215C /* Main.storyboard */,
				54AAC3E62A89331D00D8215C /* Assets.xcassets */,
				54AAC3E82A89331D00D8215C /* LaunchScreen.storyboard */,
				54AAC3EB2A89331D00D8215C /* Info.plist */,
			);
			path = NeuroStartUp;
			sourceTree = "<group>";
		};
		54AAC3F32A89331E00D8215C /* NeuroStartUpTests */ = {
			isa = PBXGroup;
			children = (
				54AAC3F42A89331E00D8215C /* NeuroStartUpTests.swift */,
			);
			path = NeuroStartUpTests;
			sourceTree = "<group>";
		};
		54AAC3FD2A89331E00D8215C /* NeuroStartUpUITests */ = {
			isa = PBXGroup;
			children = (
				54AAC3FE2A89331E00D8215C /* NeuroStartUpUITests.swift */,
				54AAC4002A89331E00D8215C /* NeuroStartUpUITestsLaunchTests.swift */,
			);
			path = NeuroStartUpUITests;
			sourceTree = "<group>";
		};
/* End PBXGroup section */

/* Begin PBXNativeTarget section */
		54AAC3D92A89331B00D8215C /* NeuroStartUp */ = {
			isa = PBXNativeTarget;
			buildConfigurationList = 54AAC4042A89331E00D8215C /* Build configuration list for PBXNativeTarget "NeuroStartUp" */;
			buildPhases = (
				54AAC3D62A89331B00D8215C /* Sources */,
				54AAC3D72A89331B00D8215C /* Frameworks */,
				54AAC3D82A89331B00D8215C /* Resources */,
			);
			buildRules = (
			);
			dependencies = (
			);
			name = NeuroStartUp;
			productName = NeuroStartUp;
			productReference = 54AAC3DA2A89331B00D8215C /* NeuroStartUp.app */;
			productType = "com.apple.product-type.application";
		};
		54AAC3EF2A89331E00D8215C /* NeuroStartUpTests */ = {
			isa = PBXNativeTarget;
			buildConfigurationList = 54AAC4072A89331E00D8215C /* Build configuration list for PBXNativeTarget "NeuroStartUpTests" */;
			buildPhases = (
				54AAC3EC2A89331E00D8215C /* Sources */,
				54AAC3ED2A89331E00D8215C /* Frameworks */,
				54AAC3EE2A89331E00D8215C /* Resources */,
			);
			buildRules = (
			);
			dependencies = (
				54AAC3F22A89331E00D8215C /* PBXTargetDependency */,
			);
			name = NeuroStartUpTests;
			productName = NeuroStartUpTests;
			productReference = 54AAC3F02A89331E00D8215C /* NeuroStartUpTests.xctest */;
			productType = "com.apple.product-type.bundle.unit-test";
		};
		54AAC3F92A89331E00D8215C /* NeuroStartUpUITests */ = {
			isa = PBXNativeTarget;
			buildConfigurationList = 54AAC40A2A89331E00D8215C /* Build configuration list for PBXNativeTarget "NeuroStartUpUITests" */;
			buildPhases = (
				54AAC3F62A89331E00D8215C /* Sources */,
				54AAC3F72A89331E00D8215C /* Frameworks */,
				54AAC3F82A89331E00D8215C /* Resources */,
			);
			buildRules = (
			);
			dependencies = (
				54AAC3FC2A89331E00D8215C /* PBXTargetDependency */,
			);
			name = NeuroStartUpUITests;
			productName = NeuroStartUpUITests;
			productReference = 54AAC3FA2A89331E00D8215C /* NeuroStartUpUITests.xctest */;
			productType = "com.apple.product-type.bundle.ui-testing";
		};
/* End PBXNativeTarget section */

/* Begin PBXProject section */
		54AAC3D22A89331B00D8215C /* Project object */ = {
			isa = PBXProject;
			attributes = {
				BuildIndependentTargetsInParallel = 1;
				LastSwiftUpdateCheck = 1430;
				LastUpgradeCheck = 1430;
				TargetAttributes = {
					54AAC3D92A89331B00D8215C = {
						CreatedOnToolsVersion = 14.3;
					};
					54AAC3EF2A89331E00D8215C = {
						CreatedOnToolsVersion = 14.3;
						TestTargetID = 54AAC3D92A89331B00D8215C;
					};
					54AAC3F92A89331E00D8215C = {
						CreatedOnToolsVersion = 14.3;
						TestTargetID = 54AAC3D92A89331B00D8215C;
					};
				};
			};
			buildConfigurationList = 54AAC3D52A89331B00D8215C /* Build configuration list for PBXProject "NeuroStartUp" */;
			compatibilityVersion = "Xcode 14.0";
			developmentRegion = en;
			hasScannedForEncodings = 0;
			knownRegions = (
				en,
				Base,
			);
			mainGroup = 54AAC3D12A89331B00D8215C;
			productRefGroup = 54AAC3DB2A89331B00D8215C /* Products */;
			projectDirPath = "";
			projectRoot = "";
			targets = (
				54AAC3D92A89331B00D8215C /* NeuroStartUp */,
				54AAC3EF2A89331E00D8215C /* NeuroStartUpTests */,
				54AAC3F92A89331E00D8215C /* NeuroStartUpUITests */,
			);
		};
/* End PBXProject section */

/* Begin PBXResourcesBuildPhase section */
		54AAC3D82A89331B00D8215C /* Resources */ = {
			isa = PBXResourcesBuildPhase;
			buildActionMask = 2147483647;
			files = (
				54AAC3EA2A89331D00D8215C /* LaunchScreen.storyboard in Resources */,
				54AAC3E72A89331D00D8215C /* Assets.xcassets in Resources */,
				54AAC3E52A89331B00D8215C /* Main.storyboard in Resources */,
			);
			runOnlyForDeploymentPostprocessing = 0;
		};
		54AAC3EE2A89331E00D8215C /* Resources */ = {
			isa = PBXResourcesBuildPhase;
			buildActionMask = 2147483647;
			files = (
			);
			runOnlyForDeploymentPostprocessing = 0;
		};
		54AAC3F82A89331E00D8215C /* Resources */ = {
			isa = PBXResourcesBuildPhase;
			buildActionMask = 2147483647;
			files = (
			);
			runOnlyForDeploymentPostprocessing = 0;
		};
/* End PBXResourcesBuildPhase section */

/* Begin PBXSourcesBuildPhase section */
		54AAC3D62A89331B00D8215C /* Sources */ = {
			isa = PBXSourcesBuildPhase;
			buildActionMask = 2147483647;
			files = (
				54AAC3E22A89331B00D8215C /* ViewController.swift in Sources */,
				54AAC3DE2A89331B00D8215C /* AppDelegate.swift in Sources */,
				54AAC3E02A89331B00D8215C /* SceneDelegate.swift in Sources */,
			);
			runOnlyForDeploymentPostprocessing = 0;
		};
		54AAC3EC2A89331E00D8215C /* Sources */ = {
			isa = PBXSourcesBuildPhase;
			buildActionMask = 2147483647;
			files = (
				54AAC3F52A89331E00D8215C /* NeuroStartUpTests.swift in Sources */,
			);
			runOnlyForDeploymentPostprocessing = 0;
		};
		54AAC3F62A89331E00D8215C /* Sources */ = {
			isa = PBXSourcesBuildPhase;
			buildActionMask = 2147483647;
			files = (
				54AAC4012A89331E00D8215C /* NeuroStartUpUITestsLaunchTests.swift in Sources */,
				54AAC3FF2A89331E00D8215C /* NeuroStartUpUITests.swift in Sources */,
			);
			runOnlyForDeploymentPostprocessing = 0;
		};
/* End PBXSourcesBuildPhase section */

/* Begin PBXTargetDependency section */
		54AAC3F22A89331E00D8215C /* PBXTargetDependency */ = {
			isa = PBXTargetDependency;
			target = 54AAC3D92A89331B00D8215C /* NeuroStartUp */;
			targetProxy = 54AAC3F12A89331E00D8215C /* PBXContainerItemProxy */;
		};
		54AAC3FC2A89331E00D8215C /* PBXTargetDependency */ = {
			isa = PBXTargetDependency;
			target = 54AAC3D92A89331B00D8215C /* NeuroStartUp */;
			targetProxy = 54AAC3FB2A89331E00D8215C /* PBXContainerItemProxy */;
		};
/* End PBXTargetDependency section */

/* Begin PBXVariantGroup section */
		54AAC3E32A89331B00D8215C /* Main.storyboard */ = {
			isa = PBXVariantGroup;
			children = (
				54AAC3E42A89331B00D8215C /* Base */,
			);
			name = Main.storyboard;
			sourceTree = "<group>";
		};
		54AAC3E82A89331D00D8215C /* LaunchScreen.storyboard */ = {
			isa = PBXVariantGroup;
			children = (
				54AAC3E92A89331D00D8215C /* Base */,
			);
			name = LaunchScreen.storyboard;
			sourceTree = "<group>";
		};
/* End PBXVariantGroup section */

/* Begin XCBuildConfiguration section */
		54AAC4022A89331E00D8215C /* Debug */ = {
			isa = XCBuildConfiguration;
			buildSettings = {
				ALWAYS_SEARCH_USER_PATHS = NO;
				CLANG_ANALYZER_NONNULL = YES;
				CLANG_ANALYZER_NUMBER_OBJECT_CONVERSION = YES_AGGRESSIVE;
				CLANG_CXX_LANGUAGE_STANDARD = "gnu++20";
				CLANG_ENABLE_MODULES = YES;
				CLANG_ENABLE_OBJC_ARC = YES;
				CLANG_ENABLE_OBJC_WEAK = YES;
				CLANG_WARN_BLOCK_CAPTURE_AUTORELEASING = YES;
				CLANG_WARN_BOOL_CONVERSION = YES;
				CLANG_WARN_COMMA = YES;
				CLANG_WARN_CONSTANT_CONVERSION = YES;
				CLANG_WARN_DEPRECATED_OBJC_IMPLEMENTATIONS = YES;
				CLANG_WARN_DIRECT_OBJC_ISA_USAGE = YES_ERROR;
				CLANG_WARN_DOCUMENTATION_COMMENTS = YES;
				CLANG_WARN_EMPTY_BODY = YES;
				CLANG_WARN_ENUM_CONVERSION = YES;
				CLANG_WARN_INFINITE_RECURSION = YES;
				CLANG_WARN_INT_CONVERSION = YES;
				CLANG_WARN_NON_LITERAL_NULL_CONVERSION = YES;
				CLANG_WARN_OBJC_IMPLICIT_RETAIN_SELF = YES;
				CLANG_WARN_OBJC_LITERAL_CONVERSION = YES;
				CLANG_WARN_OBJC_ROOT_CLASS = YES_ERROR;
				CLANG_WARN_QUOTED_INCLUDE_IN_FRAMEWORK_HEADER = YES;
				CLANG_WARN_RANGE_LOOP_ANALYSIS = YES;
				CLANG_WARN_STRICT_PROTOTYPES = YES;
				CLANG_WARN_SUSPICIOUS_MOVE = YES;
				CLANG_WARN_UNGUARDED_AVAILABILITY = YES_AGGRESSIVE;
				CLANG_WARN_UNREACHABLE_CODE = YES;
				CLANG_WARN__DUPLICATE_METHOD_MATCH = YES;
				COPY_PHASE_STRIP = NO;
				DEBUG_INFORMATION_FORMAT = dwarf;
				ENABLE_STRICT_OBJC_MSGSEND = YES;
				ENABLE_TESTABILITY = YES;
				GCC_C_LANGUAGE_STANDARD = gnu11;
				GCC_DYNAMIC_NO_PIC = NO;
				GCC_NO_COMMON_BLOCKS = YES;
				GCC_OPTIMIZATION_LEVEL = 0;
				GCC_PREPROCESSOR_DEFINITIONS = (
					"DEBUG=1",
					"$(inherited)",
				);
				GCC_WARN_64_TO_32_BIT_CONVERSION = YES;
				GCC_WARN_ABOUT_RETURN_TYPE = YES_ERROR;
				GCC_WARN_UNDECLARED_SELECTOR = YES;
				GCC_WARN_UNINITIALIZED_AUTOS = YES_AGGRESSIVE;
				GCC_WARN_UNUSED_FUNCTION = YES;
				GCC_WARN_UNUSED_VARIABLE = YES;
				IPHONEOS_DEPLOYMENT_TARGET = 16.4;
				MTL_ENABLE_DEBUG_INFO = INCLUDE_SOURCE;
				MTL_FAST_MATH = YES;
				ONLY_ACTIVE_ARCH = YES;
				SDKROOT = iphoneos;
				SWIFT_ACTIVE_COMPILATION_CONDITIONS = DEBUG;
				SWIFT_OPTIMIZATION_LEVEL = "-Onone";
			};
			name = Debug;
		};
		54AAC4032A89331E00D8215C /* Release */ = {
			isa = XCBuildConfiguration;
			buildSettings = {
				ALWAYS_SEARCH_USER_PATHS = NO;
				CLANG_ANALYZER_NONNULL = YES;
				CLANG_ANALYZER_NUMBER_OBJECT_CONVERSION = YES_AGGRESSIVE;
				CLANG_CXX_LANGUAGE_STANDARD = "gnu++20";
				CLANG_ENABLE_MODULES = YES;
				CLANG_ENABLE_OBJC_ARC = YES;
				CLANG_ENABLE_OBJC_WEAK = YES;
				CLANG_WARN_BLOCK_CAPTURE_AUTORELEASING = YES;
				CLANG_WARN_BOOL_CONVERSION = YES;
				CLANG_WARN_COMMA = YES;
				CLANG_WARN_CONSTANT_CONVERSION = YES;
				CLANG_WARN_DEPRECATED_OBJC_IMPLEMENTATIONS = YES;
				CLANG_WARN_DIRECT_OBJC_ISA_USAGE = YES_ERROR;
				CLANG_WARN_DOCUMENTATION_COMMENTS = YES;
				CLANG_WARN_EMPTY_BODY = YES;
				CLANG_WARN_ENUM_CONVERSION = YES;
				CLANG_WARN_INFINITE_RECURSION = YES;
				CLANG_WARN_INT_CONVERSION = YES;
				CLANG_WARN_NON_LITERAL_NULL_CONVERSION = YES;
				CLANG_WARN_OBJC_IMPLICIT_RETAIN_SELF = YES;
				CLANG_WARN_OBJC_LITERAL_CONVERSION = YES;
				CLANG_WARN_OBJC_ROOT_CLASS = YES_ERROR;
				CLANG_WARN_QUOTED_INCLUDE_IN_FRAMEWORK_HEADER = YES;
				CLANG_WARN_RANGE_LOOP_ANALYSIS = YES;
				CLANG_WARN_STRICT_PROTOTYPES = YES;
				CLANG_WARN_SUSPICIOUS_MOVE = YES;
				CLANG_WARN_UNGUARDED_AVAILABILITY = YES_AGGRESSIVE;
				CLANG_WARN_UNREACHABLE_CODE = YES;
				CLANG_WARN__DUPLICATE_METHOD_MATCH = YES;
				COPY_PHASE_STRIP = NO;
				DEBUG_INFORMATION_FORMAT = "dwarf-with-dsym";
				ENABLE_NS_ASSERTIONS = NO;
				ENABLE_STRICT_OBJC_MSGSEND = YES;
				GCC_C_LANGUAGE_STANDARD = gnu11;
				GCC_NO_COMMON_BLOCKS = YES;
				GCC_WARN_64_TO_32_BIT_CONVERSION = YES;
				GCC_WARN_ABOUT_RETURN_TYPE = YES_ERROR;
				GCC_WARN_UNDECLARED_SELECTOR = YES;
				GCC_WARN_UNINITIALIZED_AUTOS = YES_AGGRESSIVE;
				GCC_WARN_UNUSED_FUNCTION = YES;
				GCC_WARN_UNUSED_VARIABLE = YES;
				IPHONEOS_DEPLOYMENT_TARGET = 16.4;
				MTL_ENABLE_DEBUG_INFO = NO;
				MTL_FAST_MATH = YES;
				SDKROOT = iphoneos;
				SWIFT_COMPILATION_MODE = wholemodule;
				SWIFT_OPTIMIZATION_LEVEL = "-O";
				VALIDATE_PRODUCT = YES;
			};
			name = Release;
		};
		54AAC4052A89331E00D8215C /* Debug */ = {
			isa = XCBuildConfiguration;
			buildSettings = {
				ASSETCATALOG_COMPILER_APPICON_NAME = AppIcon;
				ASSETCATALOG_COMPILER_GLOBAL_ACCENT_COLOR_NAME = AccentColor;
				CODE_SIGN_STYLE = Automatic;
				CURRENT_PROJECT_VERSION = 1;
				GENERATE_INFOPLIST_FILE = YES;
				INFOPLIST_FILE = NeuroStartUp/Info.plist;
				INFOPLIST_KEY_UIApplicationSupportsIndirectInputEvents = YES;
				INFOPLIST_KEY_UILaunchStoryboardName = LaunchScreen;
				INFOPLIST_KEY_UIMainStoryboardFile = Main;
				INFOPLIST_KEY_UISupportedInterfaceOrientations_iPad = "UIInterfaceOrientationPortrait UIInterfaceOrientationPortraitUpsideDown UIInterfaceOrientationLandscapeLeft UIInterfaceOrientationLandscapeRight";
				INFOPLIST_KEY_UISupportedInterfaceOrientations_iPhone = "UIInterfaceOrientationPortrait UIInterfaceOrientationLandscapeLeft UIInterfaceOrientationLandscapeRight";
				LD_RUNPATH_SEARCH_PATHS = (
					"$(inherited)",
					"@executable_path/Frameworks",
				);
				MARKETING_VERSION = 1.0;
				PRODUCT_BUNDLE_IDENTIFIER = German.NeuroStartUp;
				PRODUCT_NAME = "$(TARGET_NAME)";
				SWIFT_EMIT_LOC_STRINGS = YES;
				SWIFT_VERSION = 5.0;
				TARGETED_DEVICE_FAMILY = "1,2";
			};
			name = Debug;
		};
		54AAC4062A89331E00D8215C /* Release */ = {
			isa = XCBuildConfiguration;
			buildSettings = {
				ASSETCATALOG_COMPILER_APPICON_NAME = AppIcon;
				ASSETCATALOG_COMPILER_GLOBAL_ACCENT_COLOR_NAME = AccentColor;
				CODE_SIGN_STYLE = Automatic;
				CURRENT_PROJECT_VERSION = 1;
				GENERATE_INFOPLIST_FILE = YES;
				INFOPLIST_FILE = NeuroStartUp/Info.plist;
				INFOPLIST_KEY_UIApplicationSupportsIndirectInputEvents = YES;
				INFOPLIST_KEY_UILaunchStoryboardName = LaunchScreen;
				INFOPLIST_KEY_UIMainStoryboardFile = Main;
				INFOPLIST_KEY_UISupportedInterfaceOrientations_iPad = "UIInterfaceOrientationPortrait UIInterfaceOrientationPortraitUpsideDown UIInterfaceOrientationLandscapeLeft UIInterfaceOrientationLandscapeRight";
				INFOPLIST_KEY_UISupportedInterfaceOrientations_iPhone = "UIInterfaceOrientationPortrait UIInterfaceOrientationLandscapeLeft UIInterfaceOrientationLandscapeRight";
				LD_RUNPATH_SEARCH_PATHS = (
					"$(inherited)",
					"@executable_path/Frameworks",
				);
				MARKETING_VERSION = 1.0;
				PRODUCT_BUNDLE_IDENTIFIER = German.NeuroStartUp;
				PRODUCT_NAME = "$(TARGET_NAME)";
				SWIFT_EMIT_LOC_STRINGS = YES;
				SWIFT_VERSION = 5.0;
				TARGETED_DEVICE_FAMILY = "1,2";
			};
			name = Release;
		};
		54AAC4082A89331E00D8215C /* Debug */ = {
			isa = XCBuildConfiguration;
			buildSettings = {
				ALWAYS_EMBED_SWIFT_STANDARD_LIBRARIES = YES;
				BUNDLE_LOADER = "$(TEST_HOST)";
				CODE_SIGN_STYLE = Automatic;
				CURRENT_PROJECT_VERSION = 1;
				GENERATE_INFOPLIST_FILE = YES;
				IPHONEOS_DEPLOYMENT_TARGET = 16.4;
				MARKETING_VERSION = 1.0;
				PRODUCT_BUNDLE_IDENTIFIER = German.NeuroStartUpTests;
				PRODUCT_NAME = "$(TARGET_NAME)";
				SWIFT_EMIT_LOC_STRINGS = NO;
				SWIFT_VERSION = 5.0;
				TARGETED_DEVICE_FAMILY = "1,2";
				TEST_HOST = "$(BUILT_PRODUCTS_DIR)/NeuroStartUp.app/$(BUNDLE_EXECUTABLE_FOLDER_PATH)/NeuroStartUp";
			};
			name = Debug;
		};
		54AAC4092A89331E00D8215C /* Release */ = {
			isa = XCBuildConfiguration;
			buildSettings = {
				ALWAYS_EMBED_SWIFT_STANDARD_LIBRARIES = YES;
				BUNDLE_LOADER = "$(TEST_HOST)";
				CODE_SIGN_STYLE = Automatic;
				CURRENT_PROJECT_VERSION = 1;
				GENERATE_INFOPLIST_FILE = YES;
				IPHONEOS_DEPLOYMENT_TARGET = 16.4;
				MARKETING_VERSION = 1.0;
				PRODUCT_BUNDLE_IDENTIFIER = German.NeuroStartUpTests;
				PRODUCT_NAME = "$(TARGET_NAME)";
				SWIFT_EMIT_LOC_STRINGS = NO;
				SWIFT_VERSION = 5.0;
				TARGETED_DEVICE_FAMILY = "1,2";
				TEST_HOST = "$(BUILT_PRODUCTS_DIR)/NeuroStartUp.app/$(BUNDLE_EXECUTABLE_FOLDER_PATH)/NeuroStartUp";
			};
			name = Release;
		};
		54AAC40B2A89331E00D8215C /* Debug */ = {
			isa = XCBuildConfiguration;
			buildSettings = {
				ALWAYS_EMBED_SWIFT_STANDARD_LIBRARIES = YES;
				CODE_SIGN_STYLE = Automatic;
				CURRENT_PROJECT_VERSION = 1;
				GENERATE_INFOPLIST_FILE = YES;
				MARKETING_VERSION = 1.0;
				PRODUCT_BUNDLE_IDENTIFIER = German.NeuroStartUpUITests;
				PRODUCT_NAME = "$(TARGET_NAME)";
				SWIFT_EMIT_LOC_STRINGS = NO;
				SWIFT_VERSION = 5.0;
				TARGETED_DEVICE_FAMILY = "1,2";
				TEST_TARGET_NAME = NeuroStartUp;
			};
			name = Debug;
		};
		54AAC40C2A89331E00D8215C /* Release */ = {
			isa = XCBuildConfiguration;
			buildSettings = {
				ALWAYS_EMBED_SWIFT_STANDARD_LIBRARIES = YES;
				CODE_SIGN_STYLE = Automatic;
				CURRENT_PROJECT_VERSION = 1;
				GENERATE_INFOPLIST_FILE = YES;
				MARKETING_VERSION = 1.0;
				PRODUCT_BUNDLE_IDENTIFIER = German.NeuroStartUpUITests;
				PRODUCT_NAME = "$(TARGET_NAME)";
				SWIFT_EMIT_LOC_STRINGS = NO;
				SWIFT_VERSION = 5.0;
				TARGETED_DEVICE_FAMILY = "1,2";
				TEST_TARGET_NAME = NeuroStartUp;
			};
			name = Release;
		};
/* End XCBuildConfiguration section */

/* Begin XCConfigurationList section */
		54AAC3D52A89331B00D8215C /* Build configuration list for PBXProject "NeuroStartUp" */ = {
			isa = XCConfigurationList;
			buildConfigurations = (
				54AAC4022A89331E00D8215C /* Debug */,
				54AAC4032A89331E00D8215C /* Release */,
			);
			defaultConfigurationIsVisible = 0;
			defaultConfigurationName = Release;
		};
		54AAC4042A89331E00D8215C /* Build configuration list for PBXNativeTarget "NeuroStartUp" */ = {
			isa = XCConfigurationList;
			buildConfigurations = (
				54AAC4052A89331E00D8215C /* Debug */,
				54AAC4062A89331E00D8215C /* Release */,
			);
			defaultConfigurationIsVisible = 0;
			defaultConfigurationName = Release;
		};
		54AAC4072A89331E00D8215C /* Build configuration list for PBXNativeTarget "NeuroStartUpTests" */ = {
			isa = XCConfigurationList;
			buildConfigurations = (
				54AAC4082A89331E00D8215C /* Debug */,
				54AAC4092A89331E00D8215C /* Release */,
			);
			defaultConfigurationIsVisible = 0;
			defaultConfigurationName = Release;
		};
		54AAC40A2A89331E00D8215C /* Build configuration list for PBXNativeTarget "NeuroStartUpUITests" */ = {
			isa = XCConfigurationList;
			buildConfigurations = (
				54AAC40B2A89331E00D8215C /* Debug */,
				54AAC40C2A89331E00D8215C /* Release */,
			);
			defaultConfigurationIsVisible = 0;
			defaultConfigurationName = Release;
		};
/* End XCConfigurationList section */
	};
	rootObject = 54AAC3D22A89331B00D8215C /* Project object */;
}
